// !$*UTF8*$!
{
	archiveVersion = 1;
	classes = {
	};
	objectVersion = 46;
	objects = {

/* Begin PBXBuildFile section */
		887CF87F1E090531008606CF /* AppDelegate.swift in Sources */ = {isa = PBXBuildFile; fileRef = 887CF87E1E090531008606CF /* AppDelegate.swift */; };
		887CF8861E090532008606CF /* Assets.xcassets in Resources */ = {isa = PBXBuildFile; fileRef = 887CF8851E090532008606CF /* Assets.xcassets */; };
		887CF8911E090572008606CF /* Login.storyboard in Resources */ = {isa = PBXBuildFile; fileRef = 887CF8901E090572008606CF /* Login.storyboard */; };
		887CF8931E092EDF008606CF /* CustomView.swift in Sources */ = {isa = PBXBuildFile; fileRef = 887CF8921E092EDF008606CF /* CustomView.swift */; };
		887CF8951E09372B008606CF /* LoginViewController.swift in Sources */ = {isa = PBXBuildFile; fileRef = 887CF8941E09372B008606CF /* LoginViewController.swift */; };
		887CF8971E0937F5008606CF /* Popup.storyboard in Resources */ = {isa = PBXBuildFile; fileRef = 887CF8961E0937F5008606CF /* Popup.storyboard */; };
		B9DB135E1E09749B00AE5F92 /* SignupViewController.swift in Sources */ = {isa = PBXBuildFile; fileRef = B9DB135D1E09749B00AE5F92 /* SignupViewController.swift */; };
		B9DB13601E0974B400AE5F92 /* PickerViewController.swift in Sources */ = {isa = PBXBuildFile; fileRef = B9DB135F1E0974B400AE5F92 /* PickerViewController.swift */; };
/* End PBXBuildFile section */

/* Begin PBXFileReference section */
		887CF87B1E090531008606CF /* CoreDataScrollView.app */ = {isa = PBXFileReference; explicitFileType = wrapper.application; includeInIndex = 0; path = CoreDataScrollView.app; sourceTree = BUILT_PRODUCTS_DIR; };
		887CF87E1E090531008606CF /* AppDelegate.swift */ = {isa = PBXFileReference; lastKnownFileType = sourcecode.swift; path = AppDelegate.swift; sourceTree = "<group>"; };
		887CF8851E090532008606CF /* Assets.xcassets */ = {isa = PBXFileReference; lastKnownFileType = folder.assetcatalog; path = Assets.xcassets; sourceTree = "<group>"; };
		887CF88A1E090532008606CF /* Info.plist */ = {isa = PBXFileReference; lastKnownFileType = text.plist.xml; path = Info.plist; sourceTree = "<group>"; };
		887CF8901E090572008606CF /* Login.storyboard */ = {isa = PBXFileReference; fileEncoding = 4; lastKnownFileType = file.storyboard; path = Login.storyboard; sourceTree = "<group>"; };
		887CF8921E092EDF008606CF /* CustomView.swift */ = {isa = PBXFileReference; fileEncoding = 4; lastKnownFileType = sourcecode.swift; path = CustomView.swift; sourceTree = "<group>"; };
		887CF8941E09372B008606CF /* LoginViewController.swift */ = {isa = PBXFileReference; fileEncoding = 4; lastKnownFileType = sourcecode.swift; path = LoginViewController.swift; sourceTree = "<group>"; };
		887CF8961E0937F5008606CF /* Popup.storyboard */ = {isa = PBXFileReference; fileEncoding = 4; lastKnownFileType = file.storyboard; path = Popup.storyboard; sourceTree = "<group>"; };
		B9DB135D1E09749B00AE5F92 /* SignupViewController.swift */ = {isa = PBXFileReference; fileEncoding = 4; lastKnownFileType = sourcecode.swift; path = SignupViewController.swift; sourceTree = "<group>"; };
		B9DB135F1E0974B400AE5F92 /* PickerViewController.swift */ = {isa = PBXFileReference; fileEncoding = 4; lastKnownFileType = sourcecode.swift; path = PickerViewController.swift; sourceTree = "<group>"; };
/* End PBXFileReference section */

/* Begin PBXFrameworksBuildPhase section */
		887CF8781E090531008606CF /* Frameworks */ = {
			isa = PBXFrameworksBuildPhase;
			buildActionMask = 2147483647;
			files = (
			);
			runOnlyForDeploymentPostprocessing = 0;
		};
/* End PBXFrameworksBuildPhase section */

/* Begin PBXGroup section */
		887CF8721E090531008606CF = {
			isa = PBXGroup;
			children = (
				887CF87D1E090531008606CF /* CoreDataScrollView */,
				887CF87C1E090531008606CF /* Products */,
			);
			sourceTree = "<group>";
		};
		887CF87C1E090531008606CF /* Products */ = {
			isa = PBXGroup;
			children = (
				887CF87B1E090531008606CF /* CoreDataScrollView.app */,
			);
			name = Products;
			sourceTree = "<group>";
		};
		887CF87D1E090531008606CF /* CoreDataScrollView */ = {
			isa = PBXGroup;
			children = (
				887CF87E1E090531008606CF /* AppDelegate.swift */,
				887CF8851E090532008606CF /* Assets.xcassets */,
				887CF88A1E090532008606CF /* Info.plist */,
				887CF8901E090572008606CF /* Login.storyboard */,
				887CF8921E092EDF008606CF /* CustomView.swift */,
				887CF8941E09372B008606CF /* LoginViewController.swift */,
				887CF8961E0937F5008606CF /* Popup.storyboard */,
				B9DB135D1E09749B00AE5F92 /* SignupViewController.swift */,
				B9DB135F1E0974B400AE5F92 /* PickerViewController.swift */,
			);
			path = CoreDataScrollView;
			sourceTree = "<group>";
		};
/* End PBXGroup section */

/* Begin PBXNativeTarget section */
		887CF87A1E090531008606CF /* CoreDataScrollView */ = {
			isa = PBXNativeTarget;
			buildConfigurationList = 887CF88D1E090532008606CF /* Build configuration list for PBXNativeTarget "CoreDataScrollView" */;
			buildPhases = (
				887CF8771E090531008606CF /* Sources */,
				887CF8781E090531008606CF /* Frameworks */,
				887CF8791E090531008606CF /* Resources */,
			);
			buildRules = (
			);
			dependencies = (
			);
			name = CoreDataScrollView;
			productName = CoreDataScrollView;
			productReference = 887CF87B1E090531008606CF /* CoreDataScrollView.app */;
			productType = "com.apple.product-type.application";
		};
/* End PBXNativeTarget section */

/* Begin PBXProject section */
		887CF8731E090531008606CF /* Project object */ = {
			isa = PBXProject;
			attributes = {
				LastSwiftUpdateCheck = 0820;
				LastUpgradeCheck = 0820;
				ORGANIZATIONNAME = nini;
				TargetAttributes = {
					887CF87A1E090531008606CF = {
						CreatedOnToolsVersion = 8.2;
						DevelopmentTeam = 8Y5V7RQGVY;
						ProvisioningStyle = Automatic;
					};
				};
			};
			buildConfigurationList = 887CF8761E090531008606CF /* Build configuration list for PBXProject "CoreDataScrollView" */;
			compatibilityVersion = "Xcode 3.2";
			developmentRegion = English;
			hasScannedForEncodings = 0;
			knownRegions = (
				en,
				Base,
			);
			mainGroup = 887CF8721E090531008606CF;
			productRefGroup = 887CF87C1E090531008606CF /* Products */;
			projectDirPath = "";
			projectRoot = "";
			targets = (
				887CF87A1E090531008606CF /* CoreDataScrollView */,
			);
		};
/* End PBXProject section */

/* Begin PBXResourcesBuildPhase section */
		887CF8791E090531008606CF /* Resources */ = {
			isa = PBXResourcesBuildPhase;
			buildActionMask = 2147483647;
			files = (
				887CF8971E0937F5008606CF /* Popup.storyboard in Resources */,
				887CF8911E090572008606CF /* Login.storyboard in Resources */,
				887CF8861E090532008606CF /* Assets.xcassets in Resources */,
			);
			runOnlyForDeploymentPostprocessing = 0;
		};
/* End PBXResourcesBuildPhase section */

/* Begin PBXSourcesBuildPhase section */
		887CF8771E090531008606CF /* Sources */ = {
			isa = PBXSourcesBuildPhase;
			buildActionMask = 2147483647;
			files = (
				B9DB13601E0974B400AE5F92 /* PickerViewController.swift in Sources */,
				887CF8951E09372B008606CF /* LoginViewController.swift in Sources */,
				887CF8931E092EDF008606CF /* CustomView.swift in Sources */,
				B9DB135E1E09749B00AE5F92 /* SignupViewController.swift in Sources */,
				887CF87F1E090531008606CF /* AppDelegate.swift in Sources */,
			);
			runOnlyForDeploymentPostprocessing = 0;
		};
/* End PBXSourcesBuildPhase section */

/* Begin XCBuildConfiguration section */
		887CF88B1E090532008606CF /* Debug */ = {
			isa = XCBuildConfiguration;
			buildSettings = {
				ALWAYS_SEARCH_USER_PATHS = NO;
				CLANG_ANALYZER_NONNULL = YES;
				CLANG_CXX_LANGUAGE_STANDARD = "gnu++0x";
				CLANG_CXX_LIBRARY = "libc++";
				CLANG_ENABLE_MODULES = YES;
				CLANG_ENABLE_OBJC_ARC = YES;
				CLANG_WARN_BOOL_CONVERSION = YES;
				CLANG_WARN_CONSTANT_CONVERSION = YES;
				CLANG_WARN_DIRECT_OBJC_ISA_USAGE = YES_ERROR;
				CLANG_WARN_DOCUMENTATION_COMMENTS = YES;
				CLANG_WARN_EMPTY_BODY = YES;
				CLANG_WARN_ENUM_CONVERSION = YES;
				CLANG_WARN_INFINITE_RECURSION = YES;
				CLANG_WARN_INT_CONVERSION = YES;
				CLANG_WARN_OBJC_ROOT_CLASS = YES_ERROR;
				CLANG_WARN_SUSPICIOUS_MOVE = YES;
				CLANG_WARN_UNREACHABLE_CODE = YES;
				CLANG_WARN__DUPLICATE_METHOD_MATCH = YES;
				"CODE_SIGN_IDENTITY[sdk=iphoneos*]" = "iPhone Developer";
				COPY_PHASE_STRIP = NO;
				DEBUG_INFORMATION_FORMAT = dwarf;
				ENABLE_STRICT_OBJC_MSGSEND = YES;
				ENABLE_TESTABILITY = YES;
				GCC_C_LANGUAGE_STANDARD = gnu99;
				GCC_DYNAMIC_NO_PIC = NO;
				GCC_NO_COMMON_BLOCKS = YES;
				GCC_OPTIMIZATION_LEVEL = 0;
				GCC_PREPROCESSOR_DEFINITIONS = (
					"DEBUG=1",
					"$(inherited)",
				);
				GCC_WARN_64_TO_32_BIT_CONVERSION = YES;
				GCC_WARN_ABOUT_RETURN_TYPE = YES_ERROR;
				GCC_WARN_UNDECLARED_SELECTOR = YES;
				GCC_WARN_UNINITIALIZED_AUTOS = YES_AGGRESSIVE;
				GCC_WARN_UNUSED_FUNCTION = YES;
				GCC_WARN_UNUSED_VARIABLE = YES;
				IPHONEOS_DEPLOYMENT_TARGET = 10.2;
				MTL_ENABLE_DEBUG_INFO = YES;
				ONLY_ACTIVE_ARCH = YES;
				SDKROOT = iphoneos;
				SWIFT_ACTIVE_COMPILATION_CONDITIONS = DEBUG;
				SWIFT_OPTIMIZATION_LEVEL = "-Onone";
				TARGETED_DEVICE_FAMILY = "1,2";
			};
			name = Debug;
		};
		887CF88C1E090532008606CF /* Release */ = {
			isa = XCBuildConfiguration;
			buildSettings = {
				ALWAYS_SEARCH_USER_PATHS = NO;
				CLANG_ANALYZER_NONNULL = YES;
				CLANG_CXX_LANGUAGE_STANDARD = "gnu++0x";
				CLANG_CXX_LIBRARY = "libc++";
				CLANG_ENABLE_MODULES = YES;
				CLANG_ENABLE_OBJC_ARC = YES;
				CLANG_WARN_BOOL_CONVERSION = YES;
				CLANG_WARN_CONSTANT_CONVERSION = YES;
				CLANG_WARN_DIRECT_OBJC_ISA_USAGE = YES_ERROR;
				CLANG_WARN_DOCUMENTATION_COMMENTS = YES;
				CLANG_WARN_EMPTY_BODY = YES;
				CLANG_WARN_ENUM_CONVERSION = YES;
				CLANG_WARN_INFINITE_RECURSION = YES;
				CLANG_WARN_INT_CONVERSION = YES;
				CLANG_WARN_OBJC_ROOT_CLASS = YES_ERROR;
				CLANG_WARN_SUSPICIOUS_MOVE = YES;
				CLANG_WARN_UNREACHABLE_CODE = YES;
				CLANG_WARN__DUPLICATE_METHOD_MATCH = YES;
				"CODE_SIGN_IDENTITY[sdk=iphoneos*]" = "iPhone Developer";
				COPY_PHASE_STRIP = NO;
				DEBUG_INFORMATION_FORMAT = "dwarf-with-dsym";
				ENABLE_NS_ASSERTIONS = NO;
				ENABLE_STRICT_OBJC_MSGSEND = YES;
				GCC_C_LANGUAGE_STANDARD = gnu99;
				GCC_NO_COMMON_BLOCKS = YES;
				GCC_WARN_64_TO_32_BIT_CONVERSION = YES;
				GCC_WARN_ABOUT_RETURN_TYPE = YES_ERROR;
				GCC_WARN_UNDECLARED_SELECTOR = YES;
				GCC_WARN_UNINITIALIZED_AUTOS = YES_AGGRESSIVE;
				GCC_WARN_UNUSED_FUNCTION = YES;
				GCC_WARN_UNUSED_VARIABLE = YES;
				IPHONEOS_DEPLOYMENT_TARGET = 10.2;
				MTL_ENABLE_DEBUG_INFO = NO;
				SDKROOT = iphoneos;
				SWIFT_OPTIMIZATION_LEVEL = "-Owholemodule";
				TARGETED_DEVICE_FAMILY = "1,2";
				VALIDATE_PRODUCT = YES;
			};
			name = Release;
		};
		887CF88E1E090532008606CF /* Debug */ = {
			isa = XCBuildConfiguration;
			buildSettings = {
				ASSETCATALOG_COMPILER_APPICON_NAME = AppIcon;
				DEVELOPMENT_TEAM = 8Y5V7RQGVY;
				INFOPLIST_FILE = CoreDataScrollView/Info.plist;
				LD_RUNPATH_SEARCH_PATHS = "$(inherited) @executable_path/Frameworks";
				PRODUCT_BUNDLE_IDENTIFIER = origin.nini.CoreDataScrollView;
				PRODUCT_NAME = "$(TARGET_NAME)";
				SWIFT_VERSION = 3.0;
			};
			name = Debug;
		};
		887CF88F1E090532008606CF /* Release */ = {
			isa = XCBuildConfiguration;
			buildSettings = {
				ASSETCATALOG_COMPILER_APPICON_NAME = AppIcon;
				DEVELOPMENT_TEAM = 8Y5V7RQGVY;
				INFOPLIST_FILE = CoreDataScrollView/Info.plist;
				LD_RUNPATH_SEARCH_PATHS = "$(inherited) @executable_path/Frameworks";
				PRODUCT_BUNDLE_IDENTIFIER = origin.nini.CoreDataScrollView;
				PRODUCT_NAME = "$(TARGET_NAME)";
				SWIFT_VERSION = 3.0;
			};
			name = Release;
		};
/* End XCBuildConfiguration section */

/* Begin XCConfigurationList section */
		887CF8761E090531008606CF /* Build configuration list for PBXProject "CoreDataScrollView" */ = {
			isa = XCConfigurationList;
			buildConfigurations = (
				887CF88B1E090532008606CF /* Debug */,
				887CF88C1E090532008606CF /* Release */,
			);
			defaultConfigurationIsVisible = 0;
			defaultConfigurationName = Release;
		};
		887CF88D1E090532008606CF /* Build configuration list for PBXNativeTarget "CoreDataScrollView" */ = {
			isa = XCConfigurationList;
			buildConfigurations = (
				887CF88E1E090532008606CF /* Debug */,
				887CF88F1E090532008606CF /* Release */,
			);
			defaultConfigurationIsVisible = 0;
			defaultConfigurationName = Release;
		};
/* End XCConfigurationList section */
	};
	rootObject = 887CF8731E090531008606CF /* Project object */;
}
